
Microsoft Visual Studio Solution File, Format Version 12.00
# Visual Studio 2013
VisualStudioVersion = 12.0.21005.1
MinimumVisualStudioVersion = 10.0.40219.1
Project("{FAE04EC0-301F-11D3-BF4B-00C04F79EFBC}") = "Kinectanban", "Kinectanban\Kinectanban.csproj", "{BE3EF079-8AB1-49C8-A1D6-994743FECCF5}"
EndProject
Project("{FAE04EC0-301F-11D3-BF4B-00C04F79EFBC}") = "Kinectanban.WebAPI", "Kinectanban.WebAPI\Kinectanban.WebAPI.csproj", "{1FBE3CEB-9BEA-4CB2-BAF6-01539B70721D}"
EndProject
Global
	GlobalSection(SolutionConfigurationPlatforms) = preSolution
		Debug|Any CPU = Debug|Any CPU
		Release|Any CPU = Release|Any CPU
	EndGlobalSection
	GlobalSection(ProjectConfigurationPlatforms) = postSolution
		{BE3EF079-8AB1-49C8-A1D6-994743FECCF5}.Debug|Any CPU.ActiveCfg = Debug|Any CPU
		{BE3EF079-8AB1-49C8-A1D6-994743FECCF5}.Debug|Any CPU.Build.0 = Debug|Any CPU
		{BE3EF079-8AB1-49C8-A1D6-994743FECCF5}.Release|Any CPU.ActiveCfg = Release|Any CPU
		{BE3EF079-8AB1-49C8-A1D6-994743FECCF5}.Release|Any CPU.Build.0 = Release|Any CPU
		{1FBE3CEB-9BEA-4CB2-BAF6-01539B70721D}.Debug|Any CPU.ActiveCfg = Debug|Any CPU
		{1FBE3CEB-9BEA-4CB2-BAF6-01539B70721D}.Debug|Any CPU.Build.0 = Debug|Any CPU
		{1FBE3CEB-9BEA-4CB2-BAF6-01539B70721D}.Release|Any CPU.ActiveCfg = Release|Any CPU
		{1FBE3CEB-9BEA-4CB2-BAF6-01539B70721D}.Release|Any CPU.Build.0 = Release|Any CPU
	EndGlobalSection
	GlobalSection(SolutionProperties) = preSolution
		HideSolutionNode = FALSE
	EndGlobalSection
EndGlobal
