
Microsoft Visual Studio Solution File, Format Version 12.00
# Visual Studio 2013
VisualStudioVersion = 12.0.21005.1
MinimumVisualStudioVersion = 10.0.40219.1
Project("{FAE04EC0-301F-11D3-BF4B-00C04F79EFBC}") = "Kinectanban", "Kinectanban\Kinectanban.csproj", "{BE3EF079-8AB1-49C8-A1D6-994743FECCF5}"
EndProject
Project("{FAE04EC0-301F-11D3-BF4B-00C04F79EFBC}") = "Kinectanban.WebAPI", "Kinectanban.WebAPI\Kinectanban.WebAPI.csproj", "{1FBE3CEB-9BEA-4CB2-BAF6-01539B70721D}"
EndProject
Project("{FAE04EC0-301F-11D3-BF4B-00C04F79EFBC}") = "Kinectanban.Tests", "Kinectanban.Tests\Kinectanban.Tests.csproj", "{237FCB53-F694-4023-BA0D-B49F6F3C5408}"
EndProject
Project("{2150E333-8FDC-42A3-9474-1A3956D46DE8}") = ".nuget", ".nuget", "{E309AF88-E522-418B-A3EF-F15C2504C413}"
	ProjectSection(SolutionItems) = preProject
		.nuget\NuGet.Config = .nuget\NuGet.Config
		.nuget\NuGet.exe = .nuget\NuGet.exe
		.nuget\NuGet.targets = .nuget\NuGet.targets
	EndProjectSection
EndProject
Project("{2150E333-8FDC-42A3-9474-1A3956D46DE8}") = "Solution Items", "Solution Items", "{3EE13444-46DC-46BD-9B24-06005CAD1C91}"
	ProjectSection(SolutionItems) = preProject
		README.md = README.md
	EndProjectSection
EndProject
Project("{FAE04EC0-301F-11D3-BF4B-00C04F79EFBC}") = "Kinectanban.WebAPI.Tests", "Kinectanban.WebAPI.Tests\Kinectanban.WebAPI.Tests.csproj", "{781685EC-750B-4DF4-8124-EDDE228D4029}"
EndProject
Global
	GlobalSection(SolutionConfigurationPlatforms) = preSolution
		Debug|Any CPU = Debug|Any CPU
		Release|Any CPU = Release|Any CPU
	EndGlobalSection
	GlobalSection(ProjectConfigurationPlatforms) = postSolution
		{BE3EF079-8AB1-49C8-A1D6-994743FECCF5}.Debug|Any CPU.ActiveCfg = Debug|Any CPU
		{BE3EF079-8AB1-49C8-A1D6-994743FECCF5}.Debug|Any CPU.Build.0 = Debug|Any CPU
		{BE3EF079-8AB1-49C8-A1D6-994743FECCF5}.Release|Any CPU.ActiveCfg = Release|Any CPU
		{BE3EF079-8AB1-49C8-A1D6-994743FECCF5}.Release|Any CPU.Build.0 = Release|Any CPU
		{1FBE3CEB-9BEA-4CB2-BAF6-01539B70721D}.Debug|Any CPU.ActiveCfg = Debug|Any CPU
		{1FBE3CEB-9BEA-4CB2-BAF6-01539B70721D}.Debug|Any CPU.Build.0 = Debug|Any CPU
		{1FBE3CEB-9BEA-4CB2-BAF6-01539B70721D}.Release|Any CPU.ActiveCfg = Release|Any CPU
		{1FBE3CEB-9BEA-4CB2-BAF6-01539B70721D}.Release|Any CPU.Build.0 = Release|Any CPU
		{237FCB53-F694-4023-BA0D-B49F6F3C5408}.Debug|Any CPU.ActiveCfg = Debug|Any CPU
		{237FCB53-F694-4023-BA0D-B49F6F3C5408}.Debug|Any CPU.Build.0 = Debug|Any CPU
		{237FCB53-F694-4023-BA0D-B49F6F3C5408}.Release|Any CPU.ActiveCfg = Release|Any CPU
		{237FCB53-F694-4023-BA0D-B49F6F3C5408}.Release|Any CPU.Build.0 = Release|Any CPU
		{781685EC-750B-4DF4-8124-EDDE228D4029}.Debug|Any CPU.ActiveCfg = Debug|Any CPU
		{781685EC-750B-4DF4-8124-EDDE228D4029}.Debug|Any CPU.Build.0 = Debug|Any CPU
		{781685EC-750B-4DF4-8124-EDDE228D4029}.Release|Any CPU.ActiveCfg = Release|Any CPU
		{781685EC-750B-4DF4-8124-EDDE228D4029}.Release|Any CPU.Build.0 = Release|Any CPU
	EndGlobalSection
	GlobalSection(SolutionProperties) = preSolution
		HideSolutionNode = FALSE
	EndGlobalSection
EndGlobal
